// !$*UTF8*$!
{
	archiveVersion = 1;
	classes = {
	};
	objectVersion = 56;
	objects = {

/* Begin PBXBuildFile section */
		6DE212212A1EDD86005A4E9D /* AppDelegate.swift in Sources */ = {isa = PBXBuildFile; fileRef = 6DE212202A1EDD86005A4E9D /* AppDelegate.swift */; };
		6DE212232A1EDD86005A4E9D /* SceneDelegate.swift in Sources */ = {isa = PBXBuildFile; fileRef = 6DE212222A1EDD86005A4E9D /* SceneDelegate.swift */; };
		6DE212252A1EDD86005A4E9D /* ViewController.swift in Sources */ = {isa = PBXBuildFile; fileRef = 6DE212242A1EDD86005A4E9D /* ViewController.swift */; };
		6DE212282A1EDD86005A4E9D /* Main.storyboard in Resources */ = {isa = PBXBuildFile; fileRef = 6DE212262A1EDD86005A4E9D /* Main.storyboard */; };
		6DE2122B2A1EDD86005A4E9D /* AudioPlayer.xcdatamodeld in Sources */ = {isa = PBXBuildFile; fileRef = 6DE212292A1EDD86005A4E9D /* AudioPlayer.xcdatamodeld */; };
		6DE2122D2A1EDD87005A4E9D /* Assets.xcassets in Resources */ = {isa = PBXBuildFile; fileRef = 6DE2122C2A1EDD87005A4E9D /* Assets.xcassets */; };
		6DE212302A1EDD87005A4E9D /* LaunchScreen.storyboard in Resources */ = {isa = PBXBuildFile; fileRef = 6DE2122E2A1EDD87005A4E9D /* LaunchScreen.storyboard */; };
		6DE2123B2A1EDD87005A4E9D /* AudioPlayerTests.swift in Sources */ = {isa = PBXBuildFile; fileRef = 6DE2123A2A1EDD87005A4E9D /* AudioPlayerTests.swift */; };
		6DE212452A1EDD88005A4E9D /* AudioPlayerUITests.swift in Sources */ = {isa = PBXBuildFile; fileRef = 6DE212442A1EDD88005A4E9D /* AudioPlayerUITests.swift */; };
		6DE212472A1EDD88005A4E9D /* AudioPlayerUITestsLaunchTests.swift in Sources */ = {isa = PBXBuildFile; fileRef = 6DE212462A1EDD88005A4E9D /* AudioPlayerUITestsLaunchTests.swift */; };
		6DE212542A1EE5DB005A4E9D /* Sicilian_Breeze.mp3 in Resources */ = {isa = PBXBuildFile; fileRef = 6DE212532A1EE5DB005A4E9D /* Sicilian_Breeze.mp3 */; };
		6DE212562A1EF645005A4E9D /* Best Part.mp3 in Resources */ = {isa = PBXBuildFile; fileRef = 6DE212552A1EF645005A4E9D /* Best Part.mp3 */; };
		6DE212582A1EF7D2005A4E9D /* Juice.mp3 in Resources */ = {isa = PBXBuildFile; fileRef = 6DE212572A1EF7D2005A4E9D /* Juice.mp3 */; };
/* End PBXBuildFile section */

/* Begin PBXContainerItemProxy section */
		6DE212372A1EDD87005A4E9D /* PBXContainerItemProxy */ = {
			isa = PBXContainerItemProxy;
			containerPortal = 6DE212152A1EDD86005A4E9D /* Project object */;
			proxyType = 1;
			remoteGlobalIDString = 6DE2121C2A1EDD86005A4E9D;
			remoteInfo = AudioPlayer;
		};
		6DE212412A1EDD88005A4E9D /* PBXContainerItemProxy */ = {
			isa = PBXContainerItemProxy;
			containerPortal = 6DE212152A1EDD86005A4E9D /* Project object */;
			proxyType = 1;
			remoteGlobalIDString = 6DE2121C2A1EDD86005A4E9D;
			remoteInfo = AudioPlayer;
		};
/* End PBXContainerItemProxy section */

/* Begin PBXFileReference section */
		6DE2121D2A1EDD86005A4E9D /* AudioPlayer.app */ = {isa = PBXFileReference; explicitFileType = wrapper.application; includeInIndex = 0; path = AudioPlayer.app; sourceTree = BUILT_PRODUCTS_DIR; };
		6DE212202A1EDD86005A4E9D /* AppDelegate.swift */ = {isa = PBXFileReference; lastKnownFileType = sourcecode.swift; path = AppDelegate.swift; sourceTree = "<group>"; };
		6DE212222A1EDD86005A4E9D /* SceneDelegate.swift */ = {isa = PBXFileReference; lastKnownFileType = sourcecode.swift; path = SceneDelegate.swift; sourceTree = "<group>"; };
		6DE212242A1EDD86005A4E9D /* ViewController.swift */ = {isa = PBXFileReference; lastKnownFileType = sourcecode.swift; path = ViewController.swift; sourceTree = "<group>"; };
		6DE212272A1EDD86005A4E9D /* Base */ = {isa = PBXFileReference; lastKnownFileType = file.storyboard; name = Base; path = Base.lproj/Main.storyboard; sourceTree = "<group>"; };
		6DE2122A2A1EDD86005A4E9D /* AudioPlayer.xcdatamodel */ = {isa = PBXFileReference; lastKnownFileType = wrapper.xcdatamodel; path = AudioPlayer.xcdatamodel; sourceTree = "<group>"; };
		6DE2122C2A1EDD87005A4E9D /* Assets.xcassets */ = {isa = PBXFileReference; lastKnownFileType = folder.assetcatalog; path = Assets.xcassets; sourceTree = "<group>"; };
		6DE2122F2A1EDD87005A4E9D /* Base */ = {isa = PBXFileReference; lastKnownFileType = file.storyboard; name = Base; path = Base.lproj/LaunchScreen.storyboard; sourceTree = "<group>"; };
		6DE212312A1EDD87005A4E9D /* Info.plist */ = {isa = PBXFileReference; lastKnownFileType = text.plist.xml; path = Info.plist; sourceTree = "<group>"; };
		6DE212362A1EDD87005A4E9D /* AudioPlayerTests.xctest */ = {isa = PBXFileReference; explicitFileType = wrapper.cfbundle; includeInIndex = 0; path = AudioPlayerTests.xctest; sourceTree = BUILT_PRODUCTS_DIR; };
		6DE2123A2A1EDD87005A4E9D /* AudioPlayerTests.swift */ = {isa = PBXFileReference; lastKnownFileType = sourcecode.swift; path = AudioPlayerTests.swift; sourceTree = "<group>"; };
		6DE212402A1EDD88005A4E9D /* AudioPlayerUITests.xctest */ = {isa = PBXFileReference; explicitFileType = wrapper.cfbundle; includeInIndex = 0; path = AudioPlayerUITests.xctest; sourceTree = BUILT_PRODUCTS_DIR; };
		6DE212442A1EDD88005A4E9D /* AudioPlayerUITests.swift */ = {isa = PBXFileReference; lastKnownFileType = sourcecode.swift; path = AudioPlayerUITests.swift; sourceTree = "<group>"; };
		6DE212462A1EDD88005A4E9D /* AudioPlayerUITestsLaunchTests.swift */ = {isa = PBXFileReference; lastKnownFileType = sourcecode.swift; path = AudioPlayerUITestsLaunchTests.swift; sourceTree = "<group>"; };
		6DE212532A1EE5DB005A4E9D /* Sicilian_Breeze.mp3 */ = {isa = PBXFileReference; lastKnownFileType = audio.mp3; path = Sicilian_Breeze.mp3; sourceTree = "<group>"; };
		6DE212552A1EF645005A4E9D /* Best Part.mp3 */ = {isa = PBXFileReference; lastKnownFileType = audio.mp3; path = "Best Part.mp3"; sourceTree = "<group>"; };
		6DE212572A1EF7D2005A4E9D /* Juice.mp3 */ = {isa = PBXFileReference; lastKnownFileType = audio.mp3; path = Juice.mp3; sourceTree = "<group>"; };
/* End PBXFileReference section */

/* Begin PBXFrameworksBuildPhase section */
		6DE2121A2A1EDD86005A4E9D /* Frameworks */ = {
			isa = PBXFrameworksBuildPhase;
			buildActionMask = 2147483647;
			files = (
			);
			runOnlyForDeploymentPostprocessing = 0;
		};
		6DE212332A1EDD87005A4E9D /* Frameworks */ = {
			isa = PBXFrameworksBuildPhase;
			buildActionMask = 2147483647;
			files = (
			);
			runOnlyForDeploymentPostprocessing = 0;
		};
		6DE2123D2A1EDD88005A4E9D /* Frameworks */ = {
			isa = PBXFrameworksBuildPhase;
			buildActionMask = 2147483647;
			files = (
			);
			runOnlyForDeploymentPostprocessing = 0;
		};
/* End PBXFrameworksBuildPhase section */

/* Begin PBXGroup section */
		6DE212142A1EDD86005A4E9D = {
			isa = PBXGroup;
			children = (
				6DE2121F2A1EDD86005A4E9D /* AudioPlayer */,
				6DE212392A1EDD87005A4E9D /* AudioPlayerTests */,
				6DE212432A1EDD88005A4E9D /* AudioPlayerUITests */,
				6DE2121E2A1EDD86005A4E9D /* Products */,
			);
			sourceTree = "<group>";
		};
		6DE2121E2A1EDD86005A4E9D /* Products */ = {
			isa = PBXGroup;
			children = (
				6DE2121D2A1EDD86005A4E9D /* AudioPlayer.app */,
				6DE212362A1EDD87005A4E9D /* AudioPlayerTests.xctest */,
				6DE212402A1EDD88005A4E9D /* AudioPlayerUITests.xctest */,
			);
			name = Products;
			sourceTree = "<group>";
		};
		6DE2121F2A1EDD86005A4E9D /* AudioPlayer */ = {
			isa = PBXGroup;
			children = (
				6DE212552A1EF645005A4E9D /* Best Part.mp3 */,
				6DE212572A1EF7D2005A4E9D /* Juice.mp3 */,
				6DE212532A1EE5DB005A4E9D /* Sicilian_Breeze.mp3 */,
				6DE212202A1EDD86005A4E9D /* AppDelegate.swift */,
				6DE212222A1EDD86005A4E9D /* SceneDelegate.swift */,
				6DE212242A1EDD86005A4E9D /* ViewController.swift */,
				6DE212262A1EDD86005A4E9D /* Main.storyboard */,
				6DE2122C2A1EDD87005A4E9D /* Assets.xcassets */,
				6DE2122E2A1EDD87005A4E9D /* LaunchScreen.storyboard */,
				6DE212312A1EDD87005A4E9D /* Info.plist */,
				6DE212292A1EDD86005A4E9D /* AudioPlayer.xcdatamodeld */,
			);
			path = AudioPlayer;
			sourceTree = "<group>";
		};
		6DE212392A1EDD87005A4E9D /* AudioPlayerTests */ = {
			isa = PBXGroup;
			children = (
				6DE2123A2A1EDD87005A4E9D /* AudioPlayerTests.swift */,
			);
			path = AudioPlayerTests;
			sourceTree = "<group>";
		};
		6DE212432A1EDD88005A4E9D /* AudioPlayerUITests */ = {
			isa = PBXGroup;
			children = (
				6DE212442A1EDD88005A4E9D /* AudioPlayerUITests.swift */,
				6DE212462A1EDD88005A4E9D /* AudioPlayerUITestsLaunchTests.swift */,
			);
			path = AudioPlayerUITests;
			sourceTree = "<group>";
		};
/* End PBXGroup section */

/* Begin PBXNativeTarget section */
		6DE2121C2A1EDD86005A4E9D /* AudioPlayer */ = {
			isa = PBXNativeTarget;
			buildConfigurationList = 6DE2124A2A1EDD88005A4E9D /* Build configuration list for PBXNativeTarget "AudioPlayer" */;
			buildPhases = (
				6DE212192A1EDD86005A4E9D /* Sources */,
				6DE2121A2A1EDD86005A4E9D /* Frameworks */,
				6DE2121B2A1EDD86005A4E9D /* Resources */,
			);
			buildRules = (
			);
			dependencies = (
			);
			name = AudioPlayer;
			productName = AudioPlayer;
			productReference = 6DE2121D2A1EDD86005A4E9D /* AudioPlayer.app */;
			productType = "com.apple.product-type.application";
		};
		6DE212352A1EDD87005A4E9D /* AudioPlayerTests */ = {
			isa = PBXNativeTarget;
			buildConfigurationList = 6DE2124D2A1EDD88005A4E9D /* Build configuration list for PBXNativeTarget "AudioPlayerTests" */;
			buildPhases = (
				6DE212322A1EDD87005A4E9D /* Sources */,
				6DE212332A1EDD87005A4E9D /* Frameworks */,
				6DE212342A1EDD87005A4E9D /* Resources */,
			);
			buildRules = (
			);
			dependencies = (
				6DE212382A1EDD87005A4E9D /* PBXTargetDependency */,
			);
			name = AudioPlayerTests;
			productName = AudioPlayerTests;
			productReference = 6DE212362A1EDD87005A4E9D /* AudioPlayerTests.xctest */;
			productType = "com.apple.product-type.bundle.unit-test";
		};
		6DE2123F2A1EDD88005A4E9D /* AudioPlayerUITests */ = {
			isa = PBXNativeTarget;
			buildConfigurationList = 6DE212502A1EDD88005A4E9D /* Build configuration list for PBXNativeTarget "AudioPlayerUITests" */;
			buildPhases = (
				6DE2123C2A1EDD88005A4E9D /* Sources */,
				6DE2123D2A1EDD88005A4E9D /* Frameworks */,
				6DE2123E2A1EDD88005A4E9D /* Resources */,
			);
			buildRules = (
			);
			dependencies = (
				6DE212422A1EDD88005A4E9D /* PBXTargetDependency */,
			);
			name = AudioPlayerUITests;
			productName = AudioPlayerUITests;
			productReference = 6DE212402A1EDD88005A4E9D /* AudioPlayerUITests.xctest */;
			productType = "com.apple.product-type.bundle.ui-testing";
		};
/* End PBXNativeTarget section */

/* Begin PBXProject section */
		6DE212152A1EDD86005A4E9D /* Project object */ = {
			isa = PBXProject;
			attributes = {
				BuildIndependentTargetsInParallel = 1;
				LastSwiftUpdateCheck = 1430;
				LastUpgradeCheck = 1430;
				TargetAttributes = {
					6DE2121C2A1EDD86005A4E9D = {
						CreatedOnToolsVersion = 14.3;
					};
					6DE212352A1EDD87005A4E9D = {
						CreatedOnToolsVersion = 14.3;
						TestTargetID = 6DE2121C2A1EDD86005A4E9D;
					};
					6DE2123F2A1EDD88005A4E9D = {
						CreatedOnToolsVersion = 14.3;
						TestTargetID = 6DE2121C2A1EDD86005A4E9D;
					};
				};
			};
			buildConfigurationList = 6DE212182A1EDD86005A4E9D /* Build configuration list for PBXProject "AudioPlayer" */;
			compatibilityVersion = "Xcode 14.0";
			developmentRegion = en;
			hasScannedForEncodings = 0;
			knownRegions = (
				en,
				Base,
			);
			mainGroup = 6DE212142A1EDD86005A4E9D;
			productRefGroup = 6DE2121E2A1EDD86005A4E9D /* Products */;
			projectDirPath = "";
			projectRoot = "";
			targets = (
				6DE2121C2A1EDD86005A4E9D /* AudioPlayer */,
				6DE212352A1EDD87005A4E9D /* AudioPlayerTests */,
				6DE2123F2A1EDD88005A4E9D /* AudioPlayerUITests */,
			);
		};
/* End PBXProject section */

/* Begin PBXResourcesBuildPhase section */
		6DE2121B2A1EDD86005A4E9D /* Resources */ = {
			isa = PBXResourcesBuildPhase;
			buildActionMask = 2147483647;
			files = (
				6DE212302A1EDD87005A4E9D /* LaunchScreen.storyboard in Resources */,
				6DE212582A1EF7D2005A4E9D /* Juice.mp3 in Resources */,
				6DE212542A1EE5DB005A4E9D /* Sicilian_Breeze.mp3 in Resources */,
				6DE2122D2A1EDD87005A4E9D /* Assets.xcassets in Resources */,
				6DE212562A1EF645005A4E9D /* Best Part.mp3 in Resources */,
				6DE212282A1EDD86005A4E9D /* Main.storyboard in Resources */,
			);
			runOnlyForDeploymentPostprocessing = 0;
		};
		6DE212342A1EDD87005A4E9D /* Resources */ = {
			isa = PBXResourcesBuildPhase;
			buildActionMask = 2147483647;
			files = (
			);
			runOnlyForDeploymentPostprocessing = 0;
		};
		6DE2123E2A1EDD88005A4E9D /* Resources */ = {
			isa = PBXResourcesBuildPhase;
			buildActionMask = 2147483647;
			files = (
			);
			runOnlyForDeploymentPostprocessing = 0;
		};
/* End PBXResourcesBuildPhase section */

/* Begin PBXSourcesBuildPhase section */
		6DE212192A1EDD86005A4E9D /* Sources */ = {
			isa = PBXSourcesBuildPhase;
			buildActionMask = 2147483647;
			files = (
				6DE212252A1EDD86005A4E9D /* ViewController.swift in Sources */,
				6DE212212A1EDD86005A4E9D /* AppDelegate.swift in Sources */,
				6DE212232A1EDD86005A4E9D /* SceneDelegate.swift in Sources */,
				6DE2122B2A1EDD86005A4E9D /* AudioPlayer.xcdatamodeld in Sources */,
			);
			runOnlyForDeploymentPostprocessing = 0;
		};
		6DE212322A1EDD87005A4E9D /* Sources */ = {
			isa = PBXSourcesBuildPhase;
			buildActionMask = 2147483647;
			files = (
				6DE2123B2A1EDD87005A4E9D /* AudioPlayerTests.swift in Sources */,
			);
			runOnlyForDeploymentPostprocessing = 0;
		};
		6DE2123C2A1EDD88005A4E9D /* Sources */ = {
			isa = PBXSourcesBuildPhase;
			buildActionMask = 2147483647;
			files = (
				6DE212472A1EDD88005A4E9D /* AudioPlayerUITestsLaunchTests.swift in Sources */,
				6DE212452A1EDD88005A4E9D /* AudioPlayerUITests.swift in Sources */,
			);
			runOnlyForDeploymentPostprocessing = 0;
		};
/* End PBXSourcesBuildPhase section */

/* Begin PBXTargetDependency section */
		6DE212382A1EDD87005A4E9D /* PBXTargetDependency */ = {
			isa = PBXTargetDependency;
			target = 6DE2121C2A1EDD86005A4E9D /* AudioPlayer */;
			targetProxy = 6DE212372A1EDD87005A4E9D /* PBXContainerItemProxy */;
		};
		6DE212422A1EDD88005A4E9D /* PBXTargetDependency */ = {
			isa = PBXTargetDependency;
			target = 6DE2121C2A1EDD86005A4E9D /* AudioPlayer */;
			targetProxy = 6DE212412A1EDD88005A4E9D /* PBXContainerItemProxy */;
		};
/* End PBXTargetDependency section */

/* Begin PBXVariantGroup section */
		6DE212262A1EDD86005A4E9D /* Main.storyboard */ = {
			isa = PBXVariantGroup;
			children = (
				6DE212272A1EDD86005A4E9D /* Base */,
			);
			name = Main.storyboard;
			sourceTree = "<group>";
		};
		6DE2122E2A1EDD87005A4E9D /* LaunchScreen.storyboard */ = {
			isa = PBXVariantGroup;
			children = (
				6DE2122F2A1EDD87005A4E9D /* Base */,
			);
			name = LaunchScreen.storyboard;
			sourceTree = "<group>";
		};
/* End PBXVariantGroup section */

/* Begin XCBuildConfiguration section */
		6DE212482A1EDD88005A4E9D /* Debug */ = {
			isa = XCBuildConfiguration;
			buildSettings = {
				ALWAYS_SEARCH_USER_PATHS = NO;
				CLANG_ANALYZER_NONNULL = YES;
				CLANG_ANALYZER_NUMBER_OBJECT_CONVERSION = YES_AGGRESSIVE;
				CLANG_CXX_LANGUAGE_STANDARD = "gnu++20";
				CLANG_ENABLE_MODULES = YES;
				CLANG_ENABLE_OBJC_ARC = YES;
				CLANG_ENABLE_OBJC_WEAK = YES;
				CLANG_WARN_BLOCK_CAPTURE_AUTORELEASING = YES;
				CLANG_WARN_BOOL_CONVERSION = YES;
				CLANG_WARN_COMMA = YES;
				CLANG_WARN_CONSTANT_CONVERSION = YES;
				CLANG_WARN_DEPRECATED_OBJC_IMPLEMENTATIONS = YES;
				CLANG_WARN_DIRECT_OBJC_ISA_USAGE = YES_ERROR;
				CLANG_WARN_DOCUMENTATION_COMMENTS = YES;
				CLANG_WARN_EMPTY_BODY = YES;
				CLANG_WARN_ENUM_CONVERSION = YES;
				CLANG_WARN_INFINITE_RECURSION = YES;
				CLANG_WARN_INT_CONVERSION = YES;
				CLANG_WARN_NON_LITERAL_NULL_CONVERSION = YES;
				CLANG_WARN_OBJC_IMPLICIT_RETAIN_SELF = YES;
				CLANG_WARN_OBJC_LITERAL_CONVERSION = YES;
				CLANG_WARN_OBJC_ROOT_CLASS = YES_ERROR;
				CLANG_WARN_QUOTED_INCLUDE_IN_FRAMEWORK_HEADER = YES;
				CLANG_WARN_RANGE_LOOP_ANALYSIS = YES;
				CLANG_WARN_STRICT_PROTOTYPES = YES;
				CLANG_WARN_SUSPICIOUS_MOVE = YES;
				CLANG_WARN_UNGUARDED_AVAILABILITY = YES_AGGRESSIVE;
				CLANG_WARN_UNREACHABLE_CODE = YES;
				CLANG_WARN__DUPLICATE_METHOD_MATCH = YES;
				COPY_PHASE_STRIP = NO;
				DEBUG_INFORMATION_FORMAT = dwarf;
				ENABLE_STRICT_OBJC_MSGSEND = YES;
				ENABLE_TESTABILITY = YES;
				GCC_C_LANGUAGE_STANDARD = gnu11;
				GCC_DYNAMIC_NO_PIC = NO;
				GCC_NO_COMMON_BLOCKS = YES;
				GCC_OPTIMIZATION_LEVEL = 0;
				GCC_PREPROCESSOR_DEFINITIONS = (
					"DEBUG=1",
					"$(inherited)",
				);
				GCC_WARN_64_TO_32_BIT_CONVERSION = YES;
				GCC_WARN_ABOUT_RETURN_TYPE = YES_ERROR;
				GCC_WARN_UNDECLARED_SELECTOR = YES;
				GCC_WARN_UNINITIALIZED_AUTOS = YES_AGGRESSIVE;
				GCC_WARN_UNUSED_FUNCTION = YES;
				GCC_WARN_UNUSED_VARIABLE = YES;
				IPHONEOS_DEPLOYMENT_TARGET = 16.4;
				MTL_ENABLE_DEBUG_INFO = INCLUDE_SOURCE;
				MTL_FAST_MATH = YES;
				ONLY_ACTIVE_ARCH = YES;
				SDKROOT = iphoneos;
				SWIFT_ACTIVE_COMPILATION_CONDITIONS = DEBUG;
				SWIFT_OPTIMIZATION_LEVEL = "-Onone";
			};
			name = Debug;
		};
		6DE212492A1EDD88005A4E9D /* Release */ = {
			isa = XCBuildConfiguration;
			buildSettings = {
				ALWAYS_SEARCH_USER_PATHS = NO;
				CLANG_ANALYZER_NONNULL = YES;
				CLANG_ANALYZER_NUMBER_OBJECT_CONVERSION = YES_AGGRESSIVE;
				CLANG_CXX_LANGUAGE_STANDARD = "gnu++20";
				CLANG_ENABLE_MODULES = YES;
				CLANG_ENABLE_OBJC_ARC = YES;
				CLANG_ENABLE_OBJC_WEAK = YES;
				CLANG_WARN_BLOCK_CAPTURE_AUTORELEASING = YES;
				CLANG_WARN_BOOL_CONVERSION = YES;
				CLANG_WARN_COMMA = YES;
				CLANG_WARN_CONSTANT_CONVERSION = YES;
				CLANG_WARN_DEPRECATED_OBJC_IMPLEMENTATIONS = YES;
				CLANG_WARN_DIRECT_OBJC_ISA_USAGE = YES_ERROR;
				CLANG_WARN_DOCUMENTATION_COMMENTS = YES;
				CLANG_WARN_EMPTY_BODY = YES;
				CLANG_WARN_ENUM_CONVERSION = YES;
				CLANG_WARN_INFINITE_RECURSION = YES;
				CLANG_WARN_INT_CONVERSION = YES;
				CLANG_WARN_NON_LITERAL_NULL_CONVERSION = YES;
				CLANG_WARN_OBJC_IMPLICIT_RETAIN_SELF = YES;
				CLANG_WARN_OBJC_LITERAL_CONVERSION = YES;
				CLANG_WARN_OBJC_ROOT_CLASS = YES_ERROR;
				CLANG_WARN_QUOTED_INCLUDE_IN_FRAMEWORK_HEADER = YES;
				CLANG_WARN_RANGE_LOOP_ANALYSIS = YES;
				CLANG_WARN_STRICT_PROTOTYPES = YES;
				CLANG_WARN_SUSPICIOUS_MOVE = YES;
				CLANG_WARN_UNGUARDED_AVAILABILITY = YES_AGGRESSIVE;
				CLANG_WARN_UNREACHABLE_CODE = YES;
				CLANG_WARN__DUPLICATE_METHOD_MATCH = YES;
				COPY_PHASE_STRIP = NO;
				DEBUG_INFORMATION_FORMAT = "dwarf-with-dsym";
				ENABLE_NS_ASSERTIONS = NO;
				ENABLE_STRICT_OBJC_MSGSEND = YES;
				GCC_C_LANGUAGE_STANDARD = gnu11;
				GCC_NO_COMMON_BLOCKS = YES;
				GCC_WARN_64_TO_32_BIT_CONVERSION = YES;
				GCC_WARN_ABOUT_RETURN_TYPE = YES_ERROR;
				GCC_WARN_UNDECLARED_SELECTOR = YES;
				GCC_WARN_UNINITIALIZED_AUTOS = YES_AGGRESSIVE;
				GCC_WARN_UNUSED_FUNCTION = YES;
				GCC_WARN_UNUSED_VARIABLE = YES;
				IPHONEOS_DEPLOYMENT_TARGET = 16.4;
				MTL_ENABLE_DEBUG_INFO = NO;
				MTL_FAST_MATH = YES;
				SDKROOT = iphoneos;
				SWIFT_COMPILATION_MODE = wholemodule;
				SWIFT_OPTIMIZATION_LEVEL = "-O";
				VALIDATE_PRODUCT = YES;
			};
			name = Release;
		};
		6DE2124B2A1EDD88005A4E9D /* Debug */ = {
			isa = XCBuildConfiguration;
			buildSettings = {
				ASSETCATALOG_COMPILER_APPICON_NAME = AppIcon;
				ASSETCATALOG_COMPILER_GLOBAL_ACCENT_COLOR_NAME = AccentColor;
				CODE_SIGN_STYLE = Automatic;
				CURRENT_PROJECT_VERSION = 1;
				GENERATE_INFOPLIST_FILE = YES;
				INFOPLIST_FILE = AudioPlayer/Info.plist;
				INFOPLIST_KEY_UIApplicationSupportsIndirectInputEvents = YES;
				INFOPLIST_KEY_UILaunchStoryboardName = LaunchScreen;
				INFOPLIST_KEY_UIMainStoryboardFile = Main;
				INFOPLIST_KEY_UISupportedInterfaceOrientations_iPad = "UIInterfaceOrientationPortrait UIInterfaceOrientationPortraitUpsideDown UIInterfaceOrientationLandscapeLeft UIInterfaceOrientationLandscapeRight";
				INFOPLIST_KEY_UISupportedInterfaceOrientations_iPhone = "UIInterfaceOrientationPortrait UIInterfaceOrientationLandscapeLeft UIInterfaceOrientationLandscapeRight";
				LD_RUNPATH_SEARCH_PATHS = (
					"$(inherited)",
					"@executable_path/Frameworks",
				);
				MARKETING_VERSION = 1.0;
				PRODUCT_BUNDLE_IDENTIFIER = kr.ac.cu.AudioPlayer;
				PRODUCT_NAME = "$(TARGET_NAME)";
				SWIFT_EMIT_LOC_STRINGS = YES;
				SWIFT_VERSION = 5.0;
				TARGETED_DEVICE_FAMILY = "1,2";
			};
			name = Debug;
		};
		6DE2124C2A1EDD88005A4E9D /* Release */ = {
			isa = XCBuildConfiguration;
			buildSettings = {
				ASSETCATALOG_COMPILER_APPICON_NAME = AppIcon;
				ASSETCATALOG_COMPILER_GLOBAL_ACCENT_COLOR_NAME = AccentColor;
				CODE_SIGN_STYLE = Automatic;
				CURRENT_PROJECT_VERSION = 1;
				GENERATE_INFOPLIST_FILE = YES;
				INFOPLIST_FILE = AudioPlayer/Info.plist;
				INFOPLIST_KEY_UIApplicationSupportsIndirectInputEvents = YES;
				INFOPLIST_KEY_UILaunchStoryboardName = LaunchScreen;
				INFOPLIST_KEY_UIMainStoryboardFile = Main;
				INFOPLIST_KEY_UISupportedInterfaceOrientations_iPad = "UIInterfaceOrientationPortrait UIInterfaceOrientationPortraitUpsideDown UIInterfaceOrientationLandscapeLeft UIInterfaceOrientationLandscapeRight";
				INFOPLIST_KEY_UISupportedInterfaceOrientations_iPhone = "UIInterfaceOrientationPortrait UIInterfaceOrientationLandscapeLeft UIInterfaceOrientationLandscapeRight";
				LD_RUNPATH_SEARCH_PATHS = (
					"$(inherited)",
					"@executable_path/Frameworks",
				);
				MARKETING_VERSION = 1.0;
				PRODUCT_BUNDLE_IDENTIFIER = kr.ac.cu.AudioPlayer;
				PRODUCT_NAME = "$(TARGET_NAME)";
				SWIFT_EMIT_LOC_STRINGS = YES;
				SWIFT_VERSION = 5.0;
				TARGETED_DEVICE_FAMILY = "1,2";
			};
			name = Release;
		};
		6DE2124E2A1EDD88005A4E9D /* Debug */ = {
			isa = XCBuildConfiguration;
			buildSettings = {
				ALWAYS_EMBED_SWIFT_STANDARD_LIBRARIES = YES;
				BUNDLE_LOADER = "$(TEST_HOST)";
				CODE_SIGN_STYLE = Automatic;
				CURRENT_PROJECT_VERSION = 1;
				GENERATE_INFOPLIST_FILE = YES;
				IPHONEOS_DEPLOYMENT_TARGET = 16.4;
				MARKETING_VERSION = 1.0;
				PRODUCT_BUNDLE_IDENTIFIER = kr.ac.cu.AudioPlayerTests;
				PRODUCT_NAME = "$(TARGET_NAME)";
				SWIFT_EMIT_LOC_STRINGS = NO;
				SWIFT_VERSION = 5.0;
				TARGETED_DEVICE_FAMILY = "1,2";
				TEST_HOST = "$(BUILT_PRODUCTS_DIR)/AudioPlayer.app/$(BUNDLE_EXECUTABLE_FOLDER_PATH)/AudioPlayer";
			};
			name = Debug;
		};
		6DE2124F2A1EDD88005A4E9D /* Release */ = {
			isa = XCBuildConfiguration;
			buildSettings = {
				ALWAYS_EMBED_SWIFT_STANDARD_LIBRARIES = YES;
				BUNDLE_LOADER = "$(TEST_HOST)";
				CODE_SIGN_STYLE = Automatic;
				CURRENT_PROJECT_VERSION = 1;
				GENERATE_INFOPLIST_FILE = YES;
				IPHONEOS_DEPLOYMENT_TARGET = 16.4;
				MARKETING_VERSION = 1.0;
				PRODUCT_BUNDLE_IDENTIFIER = kr.ac.cu.AudioPlayerTests;
				PRODUCT_NAME = "$(TARGET_NAME)";
				SWIFT_EMIT_LOC_STRINGS = NO;
				SWIFT_VERSION = 5.0;
				TARGETED_DEVICE_FAMILY = "1,2";
				TEST_HOST = "$(BUILT_PRODUCTS_DIR)/AudioPlayer.app/$(BUNDLE_EXECUTABLE_FOLDER_PATH)/AudioPlayer";
			};
			name = Release;
		};
		6DE212512A1EDD88005A4E9D /* Debug */ = {
			isa = XCBuildConfiguration;
			buildSettings = {
				ALWAYS_EMBED_SWIFT_STANDARD_LIBRARIES = YES;
				CODE_SIGN_STYLE = Automatic;
				CURRENT_PROJECT_VERSION = 1;
				GENERATE_INFOPLIST_FILE = YES;
				MARKETING_VERSION = 1.0;
				PRODUCT_BUNDLE_IDENTIFIER = kr.ac.cu.AudioPlayerUITests;
				PRODUCT_NAME = "$(TARGET_NAME)";
				SWIFT_EMIT_LOC_STRINGS = NO;
				SWIFT_VERSION = 5.0;
				TARGETED_DEVICE_FAMILY = "1,2";
				TEST_TARGET_NAME = AudioPlayer;
			};
			name = Debug;
		};
		6DE212522A1EDD88005A4E9D /* Release */ = {
			isa = XCBuildConfiguration;
			buildSettings = {
				ALWAYS_EMBED_SWIFT_STANDARD_LIBRARIES = YES;
				CODE_SIGN_STYLE = Automatic;
				CURRENT_PROJECT_VERSION = 1;
				GENERATE_INFOPLIST_FILE = YES;
				MARKETING_VERSION = 1.0;
				PRODUCT_BUNDLE_IDENTIFIER = kr.ac.cu.AudioPlayerUITests;
				PRODUCT_NAME = "$(TARGET_NAME)";
				SWIFT_EMIT_LOC_STRINGS = NO;
				SWIFT_VERSION = 5.0;
				TARGETED_DEVICE_FAMILY = "1,2";
				TEST_TARGET_NAME = AudioPlayer;
			};
			name = Release;
		};
/* End XCBuildConfiguration section */

/* Begin XCConfigurationList section */
		6DE212182A1EDD86005A4E9D /* Build configuration list for PBXProject "AudioPlayer" */ = {
			isa = XCConfigurationList;
			buildConfigurations = (
				6DE212482A1EDD88005A4E9D /* Debug */,
				6DE212492A1EDD88005A4E9D /* Release */,
			);
			defaultConfigurationIsVisible = 0;
			defaultConfigurationName = Release;
		};
		6DE2124A2A1EDD88005A4E9D /* Build configuration list for PBXNativeTarget "AudioPlayer" */ = {
			isa = XCConfigurationList;
			buildConfigurations = (
				6DE2124B2A1EDD88005A4E9D /* Debug */,
				6DE2124C2A1EDD88005A4E9D /* Release */,
			);
			defaultConfigurationIsVisible = 0;
			defaultConfigurationName = Release;
		};
		6DE2124D2A1EDD88005A4E9D /* Build configuration list for PBXNativeTarget "AudioPlayerTests" */ = {
			isa = XCConfigurationList;
			buildConfigurations = (
				6DE2124E2A1EDD88005A4E9D /* Debug */,
				6DE2124F2A1EDD88005A4E9D /* Release */,
			);
			defaultConfigurationIsVisible = 0;
			defaultConfigurationName = Release;
		};
		6DE212502A1EDD88005A4E9D /* Build configuration list for PBXNativeTarget "AudioPlayerUITests" */ = {
			isa = XCConfigurationList;
			buildConfigurations = (
				6DE212512A1EDD88005A4E9D /* Debug */,
				6DE212522A1EDD88005A4E9D /* Release */,
			);
			defaultConfigurationIsVisible = 0;
			defaultConfigurationName = Release;
		};
/* End XCConfigurationList section */

/* Begin XCVersionGroup section */
		6DE212292A1EDD86005A4E9D /* AudioPlayer.xcdatamodeld */ = {
			isa = XCVersionGroup;
			children = (
				6DE2122A2A1EDD86005A4E9D /* AudioPlayer.xcdatamodel */,
			);
			currentVersion = 6DE2122A2A1EDD86005A4E9D /* AudioPlayer.xcdatamodel */;
			path = AudioPlayer.xcdatamodeld;
			sourceTree = "<group>";
			versionGroupType = wrapper.xcdatamodel;
		};
/* End XCVersionGroup section */
	};
	rootObject = 6DE212152A1EDD86005A4E9D /* Project object */;
}
